// !$*UTF8*$!
{
	archiveVersion = 1;
	classes = {
	};
	objectVersion = 50;
	objects = {

/* Begin PBXBuildFile section */
		18211E12217495680024982B /* ARCarMovement.swift in Sources */ = {isa = PBXBuildFile; fileRef = 18211E11217495680024982B /* ARCarMovement.swift */; };
		18211E142174A47B0024982B /* HSRTOBAN.json in Resources */ = {isa = PBXBuildFile; fileRef = 18211E132174A47B0024982B /* HSRTOBAN.json */; };
		18211E162174A7FD0024982B /* coordinates.json in Resources */ = {isa = PBXBuildFile; fileRef = 18211E152174A7FD0024982B /* coordinates.json */; };
		18211E182174A8420024982B /* RootViewController.swift in Sources */ = {isa = PBXBuildFile; fileRef = 18211E172174A8420024982B /* RootViewController.swift */; };
		1847BA0B217F290A008718BC /* OlaVC.swift in Sources */ = {isa = PBXBuildFile; fileRef = 1847BA0A217F290A008718BC /* OlaVC.swift */; };
		18F6AB3B2170A3220088D816 /* AppDelegate.swift in Sources */ = {isa = PBXBuildFile; fileRef = 18F6AB3A2170A3220088D816 /* AppDelegate.swift */; };
		18F6AB3D2170A3220088D816 /* ViewController.swift in Sources */ = {isa = PBXBuildFile; fileRef = 18F6AB3C2170A3220088D816 /* ViewController.swift */; };
		18F6AB402170A3220088D816 /* Main.storyboard in Resources */ = {isa = PBXBuildFile; fileRef = 18F6AB3E2170A3220088D816 /* Main.storyboard */; };
		18F6AB422170A3230088D816 /* Assets.xcassets in Resources */ = {isa = PBXBuildFile; fileRef = 18F6AB412170A3230088D816 /* Assets.xcassets */; };
		18F6AB452170A3230088D816 /* LaunchScreen.storyboard in Resources */ = {isa = PBXBuildFile; fileRef = 18F6AB432170A3230088D816 /* LaunchScreen.storyboard */; };
		18F6AB4D2170B4730088D816 /* TrackVC.swift in Sources */ = {isa = PBXBuildFile; fileRef = 18F6AB4C2170B4730088D816 /* TrackVC.swift */; };
		18F6AB4F2170B56A0088D816 /* hsr.gpx in Resources */ = {isa = PBXBuildFile; fileRef = 18F6AB4E2170B56A0088D816 /* hsr.gpx */; };
		18FC837C2175BFFF00807803 /* coordinatesRoutes.json in Resources */ = {isa = PBXBuildFile; fileRef = 18FC837B2175BFFF00807803 /* coordinatesRoutes.json */; };
		58C593DFB8FA826E9EDAED83 /* Pods_LocationTracking.framework in Frameworks */ = {isa = PBXBuildFile; fileRef = FC73486A0070E472782F31DA /* Pods_LocationTracking.framework */; };
/* End PBXBuildFile section */

/* Begin PBXFileReference section */
		18211E11217495680024982B /* ARCarMovement.swift */ = {isa = PBXFileReference; fileEncoding = 4; lastKnownFileType = sourcecode.swift; path = ARCarMovement.swift; sourceTree = "<group>"; };
		18211E132174A47B0024982B /* HSRTOBAN.json */ = {isa = PBXFileReference; lastKnownFileType = text.json; path = HSRTOBAN.json; sourceTree = "<group>"; };
		18211E152174A7FD0024982B /* coordinates.json */ = {isa = PBXFileReference; fileEncoding = 4; lastKnownFileType = text.json; path = coordinates.json; sourceTree = "<group>"; };
		18211E172174A8420024982B /* RootViewController.swift */ = {isa = PBXFileReference; lastKnownFileType = sourcecode.swift; path = RootViewController.swift; sourceTree = "<group>"; };
		1847BA0A217F290A008718BC /* OlaVC.swift */ = {isa = PBXFileReference; lastKnownFileType = sourcecode.swift; path = OlaVC.swift; sourceTree = "<group>"; };
		18F6AB372170A3220088D816 /* LocationTracking.app */ = {isa = PBXFileReference; explicitFileType = wrapper.application; includeInIndex = 0; path = LocationTracking.app; sourceTree = BUILT_PRODUCTS_DIR; };
		18F6AB3A2170A3220088D816 /* AppDelegate.swift */ = {isa = PBXFileReference; lastKnownFileType = sourcecode.swift; path = AppDelegate.swift; sourceTree = "<group>"; };
		18F6AB3C2170A3220088D816 /* ViewController.swift */ = {isa = PBXFileReference; lastKnownFileType = sourcecode.swift; path = ViewController.swift; sourceTree = "<group>"; };
		18F6AB3F2170A3220088D816 /* Base */ = {isa = PBXFileReference; lastKnownFileType = file.storyboard; name = Base; path = Base.lproj/Main.storyboard; sourceTree = "<group>"; };
		18F6AB412170A3230088D816 /* Assets.xcassets */ = {isa = PBXFileReference; lastKnownFileType = folder.assetcatalog; path = Assets.xcassets; sourceTree = "<group>"; };
		18F6AB442170A3230088D816 /* Base */ = {isa = PBXFileReference; lastKnownFileType = file.storyboard; name = Base; path = Base.lproj/LaunchScreen.storyboard; sourceTree = "<group>"; };
		18F6AB462170A3230088D816 /* Info.plist */ = {isa = PBXFileReference; lastKnownFileType = text.plist.xml; path = Info.plist; sourceTree = "<group>"; };
		18F6AB4C2170B4730088D816 /* TrackVC.swift */ = {isa = PBXFileReference; lastKnownFileType = sourcecode.swift; path = TrackVC.swift; sourceTree = "<group>"; };
		18F6AB4E2170B56A0088D816 /* hsr.gpx */ = {isa = PBXFileReference; fileEncoding = 4; lastKnownFileType = text.xml; path = hsr.gpx; sourceTree = "<group>"; };
		18FC837B2175BFFF00807803 /* coordinatesRoutes.json */ = {isa = PBXFileReference; lastKnownFileType = text.json; path = coordinatesRoutes.json; sourceTree = "<group>"; };
		CA6339C55A6CD85905B57321 /* Pods-LocationTracking.debug.xcconfig */ = {isa = PBXFileReference; includeInIndex = 1; lastKnownFileType = text.xcconfig; name = "Pods-LocationTracking.debug.xcconfig"; path = "Pods/Target Support Files/Pods-LocationTracking/Pods-LocationTracking.debug.xcconfig"; sourceTree = "<group>"; };
		FC73486A0070E472782F31DA /* Pods_LocationTracking.framework */ = {isa = PBXFileReference; explicitFileType = wrapper.framework; includeInIndex = 0; path = Pods_LocationTracking.framework; sourceTree = BUILT_PRODUCTS_DIR; };
		FCE73C3A0B4487DA1D2772D1 /* Pods-LocationTracking.release.xcconfig */ = {isa = PBXFileReference; includeInIndex = 1; lastKnownFileType = text.xcconfig; name = "Pods-LocationTracking.release.xcconfig"; path = "Pods/Target Support Files/Pods-LocationTracking/Pods-LocationTracking.release.xcconfig"; sourceTree = "<group>"; };
/* End PBXFileReference section */

/* Begin PBXFrameworksBuildPhase section */
		18F6AB342170A3220088D816 /* Frameworks */ = {
			isa = PBXFrameworksBuildPhase;
			buildActionMask = 2147483647;
			files = (
				58C593DFB8FA826E9EDAED83 /* Pods_LocationTracking.framework in Frameworks */,
			);
			runOnlyForDeploymentPostprocessing = 0;
		};
/* End PBXFrameworksBuildPhase section */

/* Begin PBXGroup section */
		18F6AB2E2170A3220088D816 = {
			isa = PBXGroup;
			children = (
				18F6AB392170A3220088D816 /* LocationTracking */,
				18F6AB382170A3220088D816 /* Products */,
				D1CC3DF36A51F9CB12AD0964 /* Pods */,
				A8934ECCB4BD1E3EEA4DDBF4 /* Frameworks */,
			);
			sourceTree = "<group>";
		};
		18F6AB382170A3220088D816 /* Products */ = {
			isa = PBXGroup;
			children = (
				18F6AB372170A3220088D816 /* LocationTracking.app */,
			);
			name = Products;
			sourceTree = "<group>";
		};
		18F6AB392170A3220088D816 /* LocationTracking */ = {
			isa = PBXGroup;
			children = (
				18F6AB4E2170B56A0088D816 /* hsr.gpx */,
				18F6AB3A2170A3220088D816 /* AppDelegate.swift */,
				18F6AB3C2170A3220088D816 /* ViewController.swift */,
				18211E11217495680024982B /* ARCarMovement.swift */,
				18F6AB4C2170B4730088D816 /* TrackVC.swift */,
				18F6AB3E2170A3220088D816 /* Main.storyboard */,
				18FC837B2175BFFF00807803 /* coordinatesRoutes.json */,
				18F6AB412170A3230088D816 /* Assets.xcassets */,
				18F6AB432170A3230088D816 /* LaunchScreen.storyboard */,
				18211E152174A7FD0024982B /* coordinates.json */,
				18F6AB462170A3230088D816 /* Info.plist */,
				18211E132174A47B0024982B /* HSRTOBAN.json */,
				18211E172174A8420024982B /* RootViewController.swift */,
				1847BA0A217F290A008718BC /* OlaVC.swift */,
			);
			path = LocationTracking;
			sourceTree = "<group>";
		};
		A8934ECCB4BD1E3EEA4DDBF4 /* Frameworks */ = {
			isa = PBXGroup;
			children = (
				FC73486A0070E472782F31DA /* Pods_LocationTracking.framework */,
			);
			name = Frameworks;
			sourceTree = "<group>";
		};
		D1CC3DF36A51F9CB12AD0964 /* Pods */ = {
			isa = PBXGroup;
			children = (
				CA6339C55A6CD85905B57321 /* Pods-LocationTracking.debug.xcconfig */,
				FCE73C3A0B4487DA1D2772D1 /* Pods-LocationTracking.release.xcconfig */,
			);
			name = Pods;
			sourceTree = "<group>";
		};
/* End PBXGroup section */

/* Begin PBXNativeTarget section */
		18F6AB362170A3220088D816 /* LocationTracking */ = {
			isa = PBXNativeTarget;
			buildConfigurationList = 18F6AB492170A3230088D816 /* Build configuration list for PBXNativeTarget "LocationTracking" */;
			buildPhases = (
				750D5E21781FFDF45E8232B3 /* [CP] Check Pods Manifest.lock */,
				18F6AB332170A3220088D816 /* Sources */,
				18F6AB342170A3220088D816 /* Frameworks */,
				18F6AB352170A3220088D816 /* Resources */,
				22E352B33CE848EFDC86953C /* [CP] Embed Pods Frameworks */,
				5E4C603602C9154B9367B210 /* [CP] Copy Pods Resources */,
			);
			buildRules = (
			);
			dependencies = (
			);
			name = LocationTracking;
			productName = LocationTracking;
			productReference = 18F6AB372170A3220088D816 /* LocationTracking.app */;
			productType = "com.apple.product-type.application";
		};
/* End PBXNativeTarget section */

/* Begin PBXProject section */
		18F6AB2F2170A3220088D816 /* Project object */ = {
			isa = PBXProject;
			attributes = {
				LastSwiftUpdateCheck = 1000;
				LastUpgradeCheck = 1000;
				ORGANIZATIONNAME = apple;
				TargetAttributes = {
					18F6AB362170A3220088D816 = {
						CreatedOnToolsVersion = 10.0;
					};
				};
			};
			buildConfigurationList = 18F6AB322170A3220088D816 /* Build configuration list for PBXProject "LocationTracking" */;
			compatibilityVersion = "Xcode 9.3";
			developmentRegion = en;
			hasScannedForEncodings = 0;
			knownRegions = (
				en,
				Base,
			);
			mainGroup = 18F6AB2E2170A3220088D816;
			productRefGroup = 18F6AB382170A3220088D816 /* Products */;
			projectDirPath = "";
			projectRoot = "";
			targets = (
				18F6AB362170A3220088D816 /* LocationTracking */,
			);
		};
/* End PBXProject section */

/* Begin PBXResourcesBuildPhase section */
		18F6AB352170A3220088D816 /* Resources */ = {
			isa = PBXResourcesBuildPhase;
			buildActionMask = 2147483647;
			files = (
				18211E142174A47B0024982B /* HSRTOBAN.json in Resources */,
				18211E162174A7FD0024982B /* coordinates.json in Resources */,
				18F6AB452170A3230088D816 /* LaunchScreen.storyboard in Resources */,
				18F6AB422170A3230088D816 /* Assets.xcassets in Resources */,
				18FC837C2175BFFF00807803 /* coordinatesRoutes.json in Resources */,
				18F6AB4F2170B56A0088D816 /* hsr.gpx in Resources */,
				18F6AB402170A3220088D816 /* Main.storyboard in Resources */,
			);
			runOnlyForDeploymentPostprocessing = 0;
		};
/* End PBXResourcesBuildPhase section */

/* Begin PBXShellScriptBuildPhase section */
		22E352B33CE848EFDC86953C /* [CP] Embed Pods Frameworks */ = {
			isa = PBXShellScriptBuildPhase;
			buildActionMask = 2147483647;
			files = (
			);
			inputPaths = (
				"${SRCROOT}/Pods/Target Support Files/Pods-LocationTracking/Pods-LocationTracking-frameworks.sh",
				"${BUILT_PRODUCTS_DIR}/SwiftLocation/SwiftLocation.framework",
				"${BUILT_PRODUCTS_DIR}/SwiftyJSON/SwiftyJSON.framework",
			);
			name = "[CP] Embed Pods Frameworks";
			outputPaths = (
				"${TARGET_BUILD_DIR}/${FRAMEWORKS_FOLDER_PATH}/SwiftLocation.framework",
				"${TARGET_BUILD_DIR}/${FRAMEWORKS_FOLDER_PATH}/SwiftyJSON.framework",
			);
			runOnlyForDeploymentPostprocessing = 0;
			shellPath = /bin/sh;
			shellScript = "\"${SRCROOT}/Pods/Target Support Files/Pods-LocationTracking/Pods-LocationTracking-frameworks.sh\"\n";
			showEnvVarsInLog = 0;
		};
		5E4C603602C9154B9367B210 /* [CP] Copy Pods Resources */ = {
			isa = PBXShellScriptBuildPhase;
			buildActionMask = 2147483647;
			files = (
			);
			inputPaths = (
				"${SRCROOT}/Pods/Target Support Files/Pods-LocationTracking/Pods-LocationTracking-resources.sh",
				"${PODS_ROOT}/GoogleMaps/Maps/Frameworks/GoogleMaps.framework/Resources/GoogleMaps.bundle",
				"${PODS_ROOT}/GooglePlaces/Frameworks/GooglePlaces.framework/Resources/GooglePlaces.bundle",
			);
			name = "[CP] Copy Pods Resources";
			outputPaths = (
				"${TARGET_BUILD_DIR}/${UNLOCALIZED_RESOURCES_FOLDER_PATH}/GoogleMaps.bundle",
				"${TARGET_BUILD_DIR}/${UNLOCALIZED_RESOURCES_FOLDER_PATH}/GooglePlaces.bundle",
			);
			runOnlyForDeploymentPostprocessing = 0;
			shellPath = /bin/sh;
			shellScript = "\"${SRCROOT}/Pods/Target Support Files/Pods-LocationTracking/Pods-LocationTracking-resources.sh\"\n";
			showEnvVarsInLog = 0;
		};
		750D5E21781FFDF45E8232B3 /* [CP] Check Pods Manifest.lock */ = {
			isa = PBXShellScriptBuildPhase;
			buildActionMask = 2147483647;
			files = (
			);
			inputPaths = (
				"${PODS_PODFILE_DIR_PATH}/Podfile.lock",
				"${PODS_ROOT}/Manifest.lock",
			);
			name = "[CP] Check Pods Manifest.lock";
			outputPaths = (
				"$(DERIVED_FILE_DIR)/Pods-LocationTracking-checkManifestLockResult.txt",
			);
			runOnlyForDeploymentPostprocessing = 0;
			shellPath = /bin/sh;
			shellScript = "diff \"${PODS_PODFILE_DIR_PATH}/Podfile.lock\" \"${PODS_ROOT}/Manifest.lock\" > /dev/null\nif [ $? != 0 ] ; then\n    # print error to STDERR\n    echo \"error: The sandbox is not in sync with the Podfile.lock. Run 'pod install' or update your CocoaPods installation.\" >&2\n    exit 1\nfi\n# This output is used by Xcode 'outputs' to avoid re-running this script phase.\necho \"SUCCESS\" > \"${SCRIPT_OUTPUT_FILE_0}\"\n";
			showEnvVarsInLog = 0;
		};
/* End PBXShellScriptBuildPhase section */

/* Begin PBXSourcesBuildPhase section */
		18F6AB332170A3220088D816 /* Sources */ = {
			isa = PBXSourcesBuildPhase;
			buildActionMask = 2147483647;
			files = (
				18211E182174A8420024982B /* RootViewController.swift in Sources */,
				18F6AB3D2170A3220088D816 /* ViewController.swift in Sources */,
				18F6AB3B2170A3220088D816 /* AppDelegate.swift in Sources */,
				18211E12217495680024982B /* ARCarMovement.swift in Sources */,
				18F6AB4D2170B4730088D816 /* TrackVC.swift in Sources */,
				1847BA0B217F290A008718BC /* OlaVC.swift in Sources */,
			);
			runOnlyForDeploymentPostprocessing = 0;
		};
/* End PBXSourcesBuildPhase section */

/* Begin PBXVariantGroup section */
		18F6AB3E2170A3220088D816 /* Main.storyboard */ = {
			isa = PBXVariantGroup;
			children = (
				18F6AB3F2170A3220088D816 /* Base */,
			);
			name = Main.storyboard;
			sourceTree = "<group>";
		};
		18F6AB432170A3230088D816 /* LaunchScreen.storyboard */ = {
			isa = PBXVariantGroup;
			children = (
				18F6AB442170A3230088D816 /* Base */,
			);
			name = LaunchScreen.storyboard;
			sourceTree = "<group>";
		};
/* End PBXVariantGroup section */

/* Begin XCBuildConfiguration section */
		18F6AB472170A3230088D816 /* Debug */ = {
			isa = XCBuildConfiguration;
			buildSettings = {
				ALWAYS_SEARCH_USER_PATHS = NO;
				CLANG_ANALYZER_NONNULL = YES;
				CLANG_ANALYZER_NUMBER_OBJECT_CONVERSION = YES_AGGRESSIVE;
				CLANG_CXX_LANGUAGE_STANDARD = "gnu++14";
				CLANG_CXX_LIBRARY = "libc++";
				CLANG_ENABLE_MODULES = YES;
				CLANG_ENABLE_OBJC_ARC = YES;
				CLANG_ENABLE_OBJC_WEAK = YES;
				CLANG_WARN_BLOCK_CAPTURE_AUTORELEASING = YES;
				CLANG_WARN_BOOL_CONVERSION = YES;
				CLANG_WARN_COMMA = YES;
				CLANG_WARN_CONSTANT_CONVERSION = YES;
				CLANG_WARN_DEPRECATED_OBJC_IMPLEMENTATIONS = YES;
				CLANG_WARN_DIRECT_OBJC_ISA_USAGE = YES_ERROR;
				CLANG_WARN_DOCUMENTATION_COMMENTS = YES;
				CLANG_WARN_EMPTY_BODY = YES;
				CLANG_WARN_ENUM_CONVERSION = YES;
				CLANG_WARN_INFINITE_RECURSION = YES;
				CLANG_WARN_INT_CONVERSION = YES;
				CLANG_WARN_NON_LITERAL_NULL_CONVERSION = YES;
				CLANG_WARN_OBJC_IMPLICIT_RETAIN_SELF = YES;
				CLANG_WARN_OBJC_LITERAL_CONVERSION = YES;
				CLANG_WARN_OBJC_ROOT_CLASS = YES_ERROR;
				CLANG_WARN_RANGE_LOOP_ANALYSIS = YES;
				CLANG_WARN_STRICT_PROTOTYPES = YES;
				CLANG_WARN_SUSPICIOUS_MOVE = YES;
				CLANG_WARN_UNGUARDED_AVAILABILITY = YES_AGGRESSIVE;
				CLANG_WARN_UNREACHABLE_CODE = YES;
				CLANG_WARN__DUPLICATE_METHOD_MATCH = YES;
				CODE_SIGN_IDENTITY = "iPhone Developer";
				COPY_PHASE_STRIP = NO;
				DEBUG_INFORMATION_FORMAT = dwarf;
				ENABLE_STRICT_OBJC_MSGSEND = YES;
				ENABLE_TESTABILITY = YES;
				GCC_C_LANGUAGE_STANDARD = gnu11;
				GCC_DYNAMIC_NO_PIC = NO;
				GCC_NO_COMMON_BLOCKS = YES;
				GCC_OPTIMIZATION_LEVEL = 0;
				GCC_PREPROCESSOR_DEFINITIONS = (
					"DEBUG=1",
					"$(inherited)",
				);
				GCC_WARN_64_TO_32_BIT_CONVERSION = YES;
				GCC_WARN_ABOUT_RETURN_TYPE = YES_ERROR;
				GCC_WARN_UNDECLARED_SELECTOR = YES;
				GCC_WARN_UNINITIALIZED_AUTOS = YES_AGGRESSIVE;
				GCC_WARN_UNUSED_FUNCTION = YES;
				GCC_WARN_UNUSED_VARIABLE = YES;
				IPHONEOS_DEPLOYMENT_TARGET = 12.0;
				MTL_ENABLE_DEBUG_INFO = INCLUDE_SOURCE;
				MTL_FAST_MATH = YES;
				ONLY_ACTIVE_ARCH = YES;
				SDKROOT = iphoneos;
				SWIFT_ACTIVE_COMPILATION_CONDITIONS = DEBUG;
				SWIFT_OPTIMIZATION_LEVEL = "-Onone";
			};
			name = Debug;
		};
		18F6AB482170A3230088D816 /* Release */ = {
			isa = XCBuildConfiguration;
			buildSettings = {
				ALWAYS_SEARCH_USER_PATHS = NO;
				CLANG_ANALYZER_NONNULL = YES;
				CLANG_ANALYZER_NUMBER_OBJECT_CONVERSION = YES_AGGRESSIVE;
				CLANG_CXX_LANGUAGE_STANDARD = "gnu++14";
				CLANG_CXX_LIBRARY = "libc++";
				CLANG_ENABLE_MODULES = YES;
				CLANG_ENABLE_OBJC_ARC = YES;
				CLANG_ENABLE_OBJC_WEAK = YES;
				CLANG_WARN_BLOCK_CAPTURE_AUTORELEASING = YES;
				CLANG_WARN_BOOL_CONVERSION = YES;
				CLANG_WARN_COMMA = YES;
				CLANG_WARN_CONSTANT_CONVERSION = YES;
				CLANG_WARN_DEPRECATED_OBJC_IMPLEMENTATIONS = YES;
				CLANG_WARN_DIRECT_OBJC_ISA_USAGE = YES_ERROR;
				CLANG_WARN_DOCUMENTATION_COMMENTS = YES;
				CLANG_WARN_EMPTY_BODY = YES;
				CLANG_WARN_ENUM_CONVERSION = YES;
				CLANG_WARN_INFINITE_RECURSION = YES;
				CLANG_WARN_INT_CONVERSION = YES;
				CLANG_WARN_NON_LITERAL_NULL_CONVERSION = YES;
				CLANG_WARN_OBJC_IMPLICIT_RETAIN_SELF = YES;
				CLANG_WARN_OBJC_LITERAL_CONVERSION = YES;
				CLANG_WARN_OBJC_ROOT_CLASS = YES_ERROR;
				CLANG_WARN_RANGE_LOOP_ANALYSIS = YES;
				CLANG_WARN_STRICT_PROTOTYPES = YES;
				CLANG_WARN_SUSPICIOUS_MOVE = YES;
				CLANG_WARN_UNGUARDED_AVAILABILITY = YES_AGGRESSIVE;
				CLANG_WARN_UNREACHABLE_CODE = YES;
				CLANG_WARN__DUPLICATE_METHOD_MATCH = YES;
				CODE_SIGN_IDENTITY = "iPhone Developer";
				COPY_PHASE_STRIP = NO;
				DEBUG_INFORMATION_FORMAT = "dwarf-with-dsym";
				ENABLE_NS_ASSERTIONS = NO;
				ENABLE_STRICT_OBJC_MSGSEND = YES;
				GCC_C_LANGUAGE_STANDARD = gnu11;
				GCC_NO_COMMON_BLOCKS = YES;
				GCC_WARN_64_TO_32_BIT_CONVERSION = YES;
				GCC_WARN_ABOUT_RETURN_TYPE = YES_ERROR;
				GCC_WARN_UNDECLARED_SELECTOR = YES;
				GCC_WARN_UNINITIALIZED_AUTOS = YES_AGGRESSIVE;
				GCC_WARN_UNUSED_FUNCTION = YES;
				GCC_WARN_UNUSED_VARIABLE = YES;
				IPHONEOS_DEPLOYMENT_TARGET = 12.0;
				MTL_ENABLE_DEBUG_INFO = NO;
				MTL_FAST_MATH = YES;
				SDKROOT = iphoneos;
				SWIFT_COMPILATION_MODE = wholemodule;
				SWIFT_OPTIMIZATION_LEVEL = "-O";
				VALIDATE_PRODUCT = YES;
			};
			name = Release;
		};
		18F6AB4A2170A3230088D816 /* Debug */ = {
			isa = XCBuildConfiguration;
			baseConfigurationReference = CA6339C55A6CD85905B57321 /* Pods-LocationTracking.debug.xcconfig */;
			buildSettings = {
				ASSETCATALOG_COMPILER_APPICON_NAME = AppIcon;
				CODE_SIGN_STYLE = Automatic;
				DEVELOPMENT_TEAM = 7G3Y88N7C9;
				INFOPLIST_FILE = LocationTracking/Info.plist;
				IPHONEOS_DEPLOYMENT_TARGET = 11.0;
				LD_RUNPATH_SEARCH_PATHS = (
					"$(inherited)",
					"@executable_path/Frameworks",
				);
				PRODUCT_BUNDLE_IDENTIFIER = vibrant.LocationTracking;
				PRODUCT_NAME = "$(TARGET_NAME)";
				SWIFT_VERSION = 4.2;
				TARGETED_DEVICE_FAMILY = "1,2";
			};
			name = Debug;
		};
		18F6AB4B2170A3230088D816 /* Release */ = {
			isa = XCBuildConfiguration;
			baseConfigurationReference = FCE73C3A0B4487DA1D2772D1 /* Pods-LocationTracking.release.xcconfig */;
			buildSettings = {
				ASSETCATALOG_COMPILER_APPICON_NAME = AppIcon;
				CODE_SIGN_STYLE = Automatic;
				DEVELOPMENT_TEAM = 7G3Y88N7C9;
				INFOPLIST_FILE = LocationTracking/Info.plist;
				IPHONEOS_DEPLOYMENT_TARGET = 11.0;
				LD_RUNPATH_SEARCH_PATHS = (
					"$(inherited)",
					"@executable_path/Frameworks",
				);
				PRODUCT_BUNDLE_IDENTIFIER = vibrant.LocationTracking;
				PRODUCT_NAME = "$(TARGET_NAME)";
				SWIFT_VERSION = 4.2;
				TARGETED_DEVICE_FAMILY = "1,2";
			};
			name = Release;
		};
/* End XCBuildConfiguration section */

/* Begin XCConfigurationList section */
		18F6AB322170A3220088D816 /* Build configuration list for PBXProject "LocationTracking" */ = {
			isa = XCConfigurationList;
			buildConfigurations = (
				18F6AB472170A3230088D816 /* Debug */,
				18F6AB482170A3230088D816 /* Release */,
			);
			defaultConfigurationIsVisible = 0;
			defaultConfigurationName = Release;
		};
		18F6AB492170A3230088D816 /* Build configuration list for PBXNativeTarget "LocationTracking" */ = {
			isa = XCConfigurationList;
			buildConfigurations = (
				18F6AB4A2170A3230088D816 /* Debug */,
				18F6AB4B2170A3230088D816 /* Release */,
			);
			defaultConfigurationIsVisible = 0;
			defaultConfigurationName = Release;
		};
/* End XCConfigurationList section */
	};
	rootObject = 18F6AB2F2170A3220088D816 /* Project object */;
}
